
Microsoft Visual Studio Solution File, Format Version 12.00
# Visual Studio 15
VisualStudioVersion = 15.0.26228.4
MinimumVisualStudioVersion = 10.0.40219.1
Project("{FAE04EC0-301F-11D3-BF4B-00C04F79EFBC}") = "Zad1", "Zad1\Zad1.csproj", "{028B6478-B3F6-4CB3-8B0C-1E8E6E1CBAB5}"
EndProject
Project("{FAE04EC0-301F-11D3-BF4B-00C04F79EFBC}") = "Zad1.Core", "Zad1.Core\Zad1.Core.csproj", "{5906E5BB-BAF0-4AB5-8489-3061EBB5C565}"
EndProject
Global
	GlobalSection(SolutionConfigurationPlatforms) = preSolution
		Debug|Any CPU = Debug|Any CPU
		Release|Any CPU = Release|Any CPU
	EndGlobalSection
	GlobalSection(ProjectConfigurationPlatforms) = postSolution
		{028B6478-B3F6-4CB3-8B0C-1E8E6E1CBAB5}.Debug|Any CPU.ActiveCfg = Debug|Any CPU
		{028B6478-B3F6-4CB3-8B0C-1E8E6E1CBAB5}.Debug|Any CPU.Build.0 = Debug|Any CPU
		{028B6478-B3F6-4CB3-8B0C-1E8E6E1CBAB5}.Release|Any CPU.ActiveCfg = Release|Any CPU
		{028B6478-B3F6-4CB3-8B0C-1E8E6E1CBAB5}.Release|Any CPU.Build.0 = Release|Any CPU
		{5906E5BB-BAF0-4AB5-8489-3061EBB5C565}.Debug|Any CPU.ActiveCfg = Debug|Any CPU
		{5906E5BB-BAF0-4AB5-8489-3061EBB5C565}.Debug|Any CPU.Build.0 = Debug|Any CPU
		{5906E5BB-BAF0-4AB5-8489-3061EBB5C565}.Release|Any CPU.ActiveCfg = Release|Any CPU
		{5906E5BB-BAF0-4AB5-8489-3061EBB5C565}.Release|Any CPU.Build.0 = Release|Any CPU
	EndGlobalSection
	GlobalSection(SolutionProperties) = preSolution
		HideSolutionNode = FALSE
	EndGlobalSection
EndGlobal
